
Microsoft Visual Studio Solution File, Format Version 12.00
# Visual Studio Version 16
VisualStudioVersion = 16.0.31025.194
MinimumVisualStudioVersion = 10.0.40219.1
Project("{FAE04EC0-301F-11D3-BF4B-00C04F79EFBC}") = "WindowsFormsAppclass", "WindowsFormsAppclass\WindowsFormsAppclass.csproj", "{DA84A823-226F-4AFE-916F-B6BB10A4F1F4}"
EndProject
Global
	GlobalSection(SolutionConfigurationPlatforms) = preSolution
		Debug|Any CPU = Debug|Any CPU
		Release|Any CPU = Release|Any CPU
	EndGlobalSection
	GlobalSection(ProjectConfigurationPlatforms) = postSolution
		{DA84A823-226F-4AFE-916F-B6BB10A4F1F4}.Debug|Any CPU.ActiveCfg = Debug|Any CPU
		{DA84A823-226F-4AFE-916F-B6BB10A4F1F4}.Debug|Any CPU.Build.0 = Debug|Any CPU
		{DA84A823-226F-4AFE-916F-B6BB10A4F1F4}.Release|Any CPU.ActiveCfg = Release|Any CPU
		{DA84A823-226F-4AFE-916F-B6BB10A4F1F4}.Release|Any CPU.Build.0 = Release|Any CPU
	EndGlobalSection
	GlobalSection(SolutionProperties) = preSolution
		HideSolutionNode = FALSE
	EndGlobalSection
	GlobalSection(ExtensibilityGlobals) = postSolution
		SolutionGuid = {1640851B-0C86-4935-AD67-828AC8F247C7}
	EndGlobalSection
EndGlobal
